# Generated by pub
# See https://dart.dev/tools/pub/glossary#lockfile
packages:
  characters:
    dependency: transitive
    description:
      name: characters
      url: "https://pub.dartlang.org"
    source: hosted
    version: "1.0.0"
  collection:
    dependency: transitive
    description:
      name: collection
      url: "https://pub.dartlang.org"
    source: hosted
    version: "1.14.13"
  flutter:
    dependency: "direct main"
    description: flutter
    source: sdk
    version: "0.0.0"
  meta:
    dependency: transitive
    description:
      name: meta
      url: "https://pub.dartlang.org"
    source: hosted
    version: "1.1.8"
  pedantic:
    dependency: "direct main"
    description:
      name: pedantic
      url: "https://pub.dartlang.org"
    source: hosted
    version: "1.9.0"
  shared_preferences:
    dependency: "direct main"
    description:
      path: "packages/shared_preferences"
      ref: shared_preferences_prefix
      resolved-ref: ae51d8361e109f1cd3d5be99f5ecd3d197ea3524
      url: "git@github.com:nuzelac/plugins.git"
    source: git
    version: "0.5.4"
  sky_engine:
    dependency: transitive
    description: flutter
    source: sdk
    version: "0.0.99"
  smooth_star_rating:
    dependency: "direct main"
    description:
      name: smooth_star_rating
      url: "https://pub.dartlang.org"
    source: hosted
    version: "1.1.1"
  typed_data:
    dependency: transitive
    description:
      name: typed_data
      url: "https://pub.dartlang.org"
    source: hosted
    version: "1.2.0"
  vector_math:
    dependency: transitive
    description:
      name: vector_math
      url: "https://pub.dartlang.org"
    source: hosted
    version: "2.0.8"
sdks:
  dart: ">=2.9.0-14.0.dev <3.0.0"
  flutter: ">=1.12.0 <2.0.0"
